
Microsoft Visual Studio Solution File, Format Version 12.00
# Visual Studio Version 17
VisualStudioVersion = 17.4.33110.190
MinimumVisualStudioVersion = 10.0.40219.1
Project("{FAE04EC0-301F-11D3-BF4B-00C04F79EFBC}") = "WordLib", "WordLib\WordLib.csproj", "{1754020D-8D1E-4BAE-911C-B49B21BA56B8}"
EndProject
Project("{FAE04EC0-301F-11D3-BF4B-00C04F79EFBC}") = "WordLibTests", "WordLibTests\WordLibTests.csproj", "{00C3258D-5659-4ABE-9EBC-0242CEC734B3}"
EndProject
Global
	GlobalSection(SolutionConfigurationPlatforms) = preSolution
		Debug|Any CPU = Debug|Any CPU
		Release|Any CPU = Release|Any CPU
	EndGlobalSection
	GlobalSection(ProjectConfigurationPlatforms) = postSolution
		{1754020D-8D1E-4BAE-911C-B49B21BA56B8}.Debug|Any CPU.ActiveCfg = Debug|Any CPU
		{1754020D-8D1E-4BAE-911C-B49B21BA56B8}.Debug|Any CPU.Build.0 = Debug|Any CPU
		{1754020D-8D1E-4BAE-911C-B49B21BA56B8}.Release|Any CPU.ActiveCfg = Release|Any CPU
		{1754020D-8D1E-4BAE-911C-B49B21BA56B8}.Release|Any CPU.Build.0 = Release|Any CPU
		{00C3258D-5659-4ABE-9EBC-0242CEC734B3}.Debug|Any CPU.ActiveCfg = Debug|Any CPU
		{00C3258D-5659-4ABE-9EBC-0242CEC734B3}.Debug|Any CPU.Build.0 = Debug|Any CPU
		{00C3258D-5659-4ABE-9EBC-0242CEC734B3}.Release|Any CPU.ActiveCfg = Release|Any CPU
		{00C3258D-5659-4ABE-9EBC-0242CEC734B3}.Release|Any CPU.Build.0 = Release|Any CPU
	EndGlobalSection
	GlobalSection(SolutionProperties) = preSolution
		HideSolutionNode = FALSE
	EndGlobalSection
	GlobalSection(ExtensibilityGlobals) = postSolution
		SolutionGuid = {C3B53E8D-8AAB-4EAB-BACC-86BFB0251514}
	EndGlobalSection
EndGlobal
